
Microsoft Visual Studio Solution File, Format Version 12.00
# Visual Studio Version 16
VisualStudioVersion = 16.0.30128.74
MinimumVisualStudioVersion = 10.0.40219.1
Project("{9A19103F-16F7-4668-BE54-9A1E7A4F7556}") = "EnigmatologistAI", "EnigmatologistAI\EnigmatologistAI.csproj", "{A2F28796-34D2-40DC-8AF8-1252EAA1A12A}"
EndProject
Project("{9A19103F-16F7-4668-BE54-9A1E7A4F7556}") = "EnigmatologistAI.ConsoleApp", "EnigmatologistAI.ConsoleApp\EnigmatologistAI.ConsoleApp.csproj", "{C4058A03-C840-495B-BE4C-4D02F5231894}"
EndProject
Project("{FAE04EC0-301F-11D3-BF4B-00C04F79EFBC}") = "EnigmatologistAI.Web", "EnigmatologistAI.Web\EnigmatologistAI.Web.csproj", "{06BEA657-8ED2-40BD-B263-D150E01B402C}"
EndProject
Global
	GlobalSection(SolutionConfigurationPlatforms) = preSolution
		Debug|Any CPU = Debug|Any CPU
		Release|Any CPU = Release|Any CPU
	EndGlobalSection
	GlobalSection(ProjectConfigurationPlatforms) = postSolution
		{A2F28796-34D2-40DC-8AF8-1252EAA1A12A}.Debug|Any CPU.ActiveCfg = Debug|Any CPU
		{A2F28796-34D2-40DC-8AF8-1252EAA1A12A}.Debug|Any CPU.Build.0 = Debug|Any CPU
		{A2F28796-34D2-40DC-8AF8-1252EAA1A12A}.Release|Any CPU.ActiveCfg = Release|Any CPU
		{A2F28796-34D2-40DC-8AF8-1252EAA1A12A}.Release|Any CPU.Build.0 = Release|Any CPU
		{C4058A03-C840-495B-BE4C-4D02F5231894}.Debug|Any CPU.ActiveCfg = Debug|Any CPU
		{C4058A03-C840-495B-BE4C-4D02F5231894}.Debug|Any CPU.Build.0 = Debug|Any CPU
		{C4058A03-C840-495B-BE4C-4D02F5231894}.Release|Any CPU.ActiveCfg = Release|Any CPU
		{C4058A03-C840-495B-BE4C-4D02F5231894}.Release|Any CPU.Build.0 = Release|Any CPU
		{06BEA657-8ED2-40BD-B263-D150E01B402C}.Debug|Any CPU.ActiveCfg = Debug|Any CPU
		{06BEA657-8ED2-40BD-B263-D150E01B402C}.Debug|Any CPU.Build.0 = Debug|Any CPU
		{06BEA657-8ED2-40BD-B263-D150E01B402C}.Release|Any CPU.ActiveCfg = Release|Any CPU
		{06BEA657-8ED2-40BD-B263-D150E01B402C}.Release|Any CPU.Build.0 = Release|Any CPU
	EndGlobalSection
	GlobalSection(SolutionProperties) = preSolution
		HideSolutionNode = FALSE
	EndGlobalSection
	GlobalSection(ExtensibilityGlobals) = postSolution
		SolutionGuid = {D7EFFD0B-AE98-4988-94D8-D57FB753EEB8}
	EndGlobalSection
EndGlobal
